
Microsoft Visual Studio Solution File, Format Version 12.00
# Visual Studio Version 17
VisualStudioVersion = 17.11.35312.102
MinimumVisualStudioVersion = 10.0.40219.1
Project("{2150E333-8FDC-42A3-9474-1A3956D46DE8}") = "Core", "Core", "{560E17FC-94B4-4FF4-B61F-AABC31678BEF}"
EndProject
Project("{2150E333-8FDC-42A3-9474-1A3956D46DE8}") = "Infrastructure", "Infrastructure", "{80397A9B-B1CD-4869-B9FE-5D505822AC59}"
EndProject
Project("{FAE04EC0-301F-11D3-BF4B-00C04F79EFBC}") = "SWA240605_WebAPI.Application", "SWA240605_WebAPI.Application\SWA240605_WebAPI.Application.csproj", "{9A96B799-457E-4852-BB17-698D5436A921}"
EndProject
Project("{FAE04EC0-301F-11D3-BF4B-00C04F79EFBC}") = "SWA240605_WebAPI.Domain", "SWA240605_WebAPI.Domain\SWA240605_WebAPI.Domain.csproj", "{E3FEF275-5477-485A-BE64-DB46C42CAF61}"
EndProject
Project("{FAE04EC0-301F-11D3-BF4B-00C04F79EFBC}") = "SWA240605_WebAPI.Identity", "SWA240605_WebAPI.Identity\SWA240605_WebAPI.Identity.csproj", "{14BC4B1B-5077-48F1-AD13-34B687297C41}"
EndProject
Project("{FAE04EC0-301F-11D3-BF4B-00C04F79EFBC}") = "SWA240605_WebAPI.Persistance", "SWA240605_WebAPI.Persistance\SWA240605_WebAPI.Persistance.csproj", "{C35C0435-B75C-4A94-94F8-32126E84054C}"
EndProject
Project("{FAE04EC0-301F-11D3-BF4B-00C04F79EFBC}") = "SWA240605_WebAPI.Shared", "SWA240605_WebAPI.Shared\SWA240605_WebAPI.Shared.csproj", "{EE2D84C8-9CBC-42D4-A2FA-9C33ADB00964}"
EndProject
Project("{FAE04EC0-301F-11D3-BF4B-00C04F79EFBC}") = "SWA240605", "SWA240605\SWA240605.csproj", "{F6689C42-240D-4CE5-955F-BBA23DE974E4}"
EndProject
Global
	GlobalSection(SolutionConfigurationPlatforms) = preSolution
		Debug|Any CPU = Debug|Any CPU
		Release|Any CPU = Release|Any CPU
	EndGlobalSection
	GlobalSection(ProjectConfigurationPlatforms) = postSolution
		{9A96B799-457E-4852-BB17-698D5436A921}.Debug|Any CPU.ActiveCfg = Debug|Any CPU
		{9A96B799-457E-4852-BB17-698D5436A921}.Debug|Any CPU.Build.0 = Debug|Any CPU
		{9A96B799-457E-4852-BB17-698D5436A921}.Release|Any CPU.ActiveCfg = Release|Any CPU
		{9A96B799-457E-4852-BB17-698D5436A921}.Release|Any CPU.Build.0 = Release|Any CPU
		{E3FEF275-5477-485A-BE64-DB46C42CAF61}.Debug|Any CPU.ActiveCfg = Debug|Any CPU
		{E3FEF275-5477-485A-BE64-DB46C42CAF61}.Debug|Any CPU.Build.0 = Debug|Any CPU
		{E3FEF275-5477-485A-BE64-DB46C42CAF61}.Release|Any CPU.ActiveCfg = Release|Any CPU
		{E3FEF275-5477-485A-BE64-DB46C42CAF61}.Release|Any CPU.Build.0 = Release|Any CPU
		{14BC4B1B-5077-48F1-AD13-34B687297C41}.Debug|Any CPU.ActiveCfg = Debug|Any CPU
		{14BC4B1B-5077-48F1-AD13-34B687297C41}.Debug|Any CPU.Build.0 = Debug|Any CPU
		{14BC4B1B-5077-48F1-AD13-34B687297C41}.Release|Any CPU.ActiveCfg = Release|Any CPU
		{14BC4B1B-5077-48F1-AD13-34B687297C41}.Release|Any CPU.Build.0 = Release|Any CPU
		{C35C0435-B75C-4A94-94F8-32126E84054C}.Debug|Any CPU.ActiveCfg = Debug|Any CPU
		{C35C0435-B75C-4A94-94F8-32126E84054C}.Debug|Any CPU.Build.0 = Debug|Any CPU
		{C35C0435-B75C-4A94-94F8-32126E84054C}.Release|Any CPU.ActiveCfg = Release|Any CPU
		{C35C0435-B75C-4A94-94F8-32126E84054C}.Release|Any CPU.Build.0 = Release|Any CPU
		{EE2D84C8-9CBC-42D4-A2FA-9C33ADB00964}.Debug|Any CPU.ActiveCfg = Debug|Any CPU
		{EE2D84C8-9CBC-42D4-A2FA-9C33ADB00964}.Debug|Any CPU.Build.0 = Debug|Any CPU
		{EE2D84C8-9CBC-42D4-A2FA-9C33ADB00964}.Release|Any CPU.ActiveCfg = Release|Any CPU
		{EE2D84C8-9CBC-42D4-A2FA-9C33ADB00964}.Release|Any CPU.Build.0 = Release|Any CPU
		{F6689C42-240D-4CE5-955F-BBA23DE974E4}.Debug|Any CPU.ActiveCfg = Debug|Any CPU
		{F6689C42-240D-4CE5-955F-BBA23DE974E4}.Debug|Any CPU.Build.0 = Debug|Any CPU
		{F6689C42-240D-4CE5-955F-BBA23DE974E4}.Release|Any CPU.ActiveCfg = Release|Any CPU
		{F6689C42-240D-4CE5-955F-BBA23DE974E4}.Release|Any CPU.Build.0 = Release|Any CPU
	EndGlobalSection
	GlobalSection(SolutionProperties) = preSolution
		HideSolutionNode = FALSE
	EndGlobalSection
	GlobalSection(NestedProjects) = preSolution
		{9A96B799-457E-4852-BB17-698D5436A921} = {560E17FC-94B4-4FF4-B61F-AABC31678BEF}
		{E3FEF275-5477-485A-BE64-DB46C42CAF61} = {560E17FC-94B4-4FF4-B61F-AABC31678BEF}
		{14BC4B1B-5077-48F1-AD13-34B687297C41} = {80397A9B-B1CD-4869-B9FE-5D505822AC59}
		{C35C0435-B75C-4A94-94F8-32126E84054C} = {80397A9B-B1CD-4869-B9FE-5D505822AC59}
		{EE2D84C8-9CBC-42D4-A2FA-9C33ADB00964} = {80397A9B-B1CD-4869-B9FE-5D505822AC59}
	EndGlobalSection
	GlobalSection(ExtensibilityGlobals) = postSolution
		SolutionGuid = {62EB2D0C-6BA4-4D1D-8EF1-A79A121659D4}
	EndGlobalSection
EndGlobal
